// !$*UTF8*$!
{
	archiveVersion = 1;
	classes = {
	};
	objectVersion = 51;
	objects = {

/* Begin PBXBuildFile section */
		84FFC52778C4A040D9D0F532 /* Pods_MVVMOperations_MVVMOperationsUITests.framework in Frameworks */ = {isa = PBXBuildFile; fileRef = 8E4270CEBE0B7559BBC6BA47 /* Pods_MVVMOperations_MVVMOperationsUITests.framework */; };
		873F005E25D899A5002A4BD8 /* Model.swift in Sources */ = {isa = PBXBuildFile; fileRef = 873F005D25D899A5002A4BD8 /* Model.swift */; };
		873F006625D89B08002A4BD8 /* ModelParameters.swift in Sources */ = {isa = PBXBuildFile; fileRef = 873F006525D89B08002A4BD8 /* ModelParameters.swift */; };
		87922DA825D9351C001FFCFB /* Variables.swift in Sources */ = {isa = PBXBuildFile; fileRef = 87922DA725D9351C001FFCFB /* Variables.swift */; };
		87922DAD25D93593001FFCFB /* AlamofireManager.swift in Sources */ = {isa = PBXBuildFile; fileRef = 87922DAC25D93593001FFCFB /* AlamofireManager.swift */; };
		87922DB225D94735001FFCFB /* ModelService.swift in Sources */ = {isa = PBXBuildFile; fileRef = 87922DB125D94735001FFCFB /* ModelService.swift */; };
		87922DB725D96716001FFCFB /* DetailsViewController.swift in Sources */ = {isa = PBXBuildFile; fileRef = 87922DB625D96716001FFCFB /* DetailsViewController.swift */; };
		87922DBC25D96744001FFCFB /* MVVMTableViewCell.swift in Sources */ = {isa = PBXBuildFile; fileRef = 87922DBB25D96744001FFCFB /* MVVMTableViewCell.swift */; };
		87B54A2C25D88EEF0030EBF5 /* AppDelegate.swift in Sources */ = {isa = PBXBuildFile; fileRef = 87B54A2B25D88EEF0030EBF5 /* AppDelegate.swift */; };
		87B54A2E25D88EEF0030EBF5 /* SceneDelegate.swift in Sources */ = {isa = PBXBuildFile; fileRef = 87B54A2D25D88EEF0030EBF5 /* SceneDelegate.swift */; };
		87B54A3025D88EEF0030EBF5 /* ViewController.swift in Sources */ = {isa = PBXBuildFile; fileRef = 87B54A2F25D88EEF0030EBF5 /* ViewController.swift */; };
		87B54A3325D88EEF0030EBF5 /* Main.storyboard in Resources */ = {isa = PBXBuildFile; fileRef = 87B54A3125D88EEF0030EBF5 /* Main.storyboard */; };
		87B54A3525D88EF10030EBF5 /* Assets.xcassets in Resources */ = {isa = PBXBuildFile; fileRef = 87B54A3425D88EF10030EBF5 /* Assets.xcassets */; };
		87B54A3825D88EF10030EBF5 /* LaunchScreen.storyboard in Resources */ = {isa = PBXBuildFile; fileRef = 87B54A3625D88EF10030EBF5 /* LaunchScreen.storyboard */; };
		87B54A4325D88EF10030EBF5 /* MVVMOperationsTests.swift in Sources */ = {isa = PBXBuildFile; fileRef = 87B54A4225D88EF10030EBF5 /* MVVMOperationsTests.swift */; };
		87B54A4E25D88EF10030EBF5 /* MVVMOperationsUITests.swift in Sources */ = {isa = PBXBuildFile; fileRef = 87B54A4D25D88EF10030EBF5 /* MVVMOperationsUITests.swift */; };
		977ABE9CD5E61CB871F2C45C /* Pods_MVVMOperations.framework in Frameworks */ = {isa = PBXBuildFile; fileRef = A29A3C944BAF15B354EAE659 /* Pods_MVVMOperations.framework */; };
		A7C677BC74E0C17B299D04EB /* Pods_MVVMOperationsTests.framework in Frameworks */ = {isa = PBXBuildFile; fileRef = 0A73AC66DFD803B88D0CE7D8 /* Pods_MVVMOperationsTests.framework */; };
/* End PBXBuildFile section */

/* Begin PBXContainerItemProxy section */
		87B54A3F25D88EF10030EBF5 /* PBXContainerItemProxy */ = {
			isa = PBXContainerItemProxy;
			containerPortal = 87B54A2025D88EEF0030EBF5 /* Project object */;
			proxyType = 1;
			remoteGlobalIDString = 87B54A2725D88EEF0030EBF5;
			remoteInfo = MVVMOperations;
		};
		87B54A4A25D88EF10030EBF5 /* PBXContainerItemProxy */ = {
			isa = PBXContainerItemProxy;
			containerPortal = 87B54A2025D88EEF0030EBF5 /* Project object */;
			proxyType = 1;
			remoteGlobalIDString = 87B54A2725D88EEF0030EBF5;
			remoteInfo = MVVMOperations;
		};
/* End PBXContainerItemProxy section */

/* Begin PBXFileReference section */
		0A73AC66DFD803B88D0CE7D8 /* Pods_MVVMOperationsTests.framework */ = {isa = PBXFileReference; explicitFileType = wrapper.framework; includeInIndex = 0; path = Pods_MVVMOperationsTests.framework; sourceTree = BUILT_PRODUCTS_DIR; };
		4993C1928C236041273E139E /* Pods-MVVMOperations-MVVMOperationsUITests.release.xcconfig */ = {isa = PBXFileReference; includeInIndex = 1; lastKnownFileType = text.xcconfig; name = "Pods-MVVMOperations-MVVMOperationsUITests.release.xcconfig"; path = "Target Support Files/Pods-MVVMOperations-MVVMOperationsUITests/Pods-MVVMOperations-MVVMOperationsUITests.release.xcconfig"; sourceTree = "<group>"; };
		5ACEF7E62A03194175C5789A /* Pods-MVVMOperations.debug.xcconfig */ = {isa = PBXFileReference; includeInIndex = 1; lastKnownFileType = text.xcconfig; name = "Pods-MVVMOperations.debug.xcconfig"; path = "Target Support Files/Pods-MVVMOperations/Pods-MVVMOperations.debug.xcconfig"; sourceTree = "<group>"; };
		873F005D25D899A5002A4BD8 /* Model.swift */ = {isa = PBXFileReference; lastKnownFileType = sourcecode.swift; path = Model.swift; sourceTree = "<group>"; };
		873F006525D89B08002A4BD8 /* ModelParameters.swift */ = {isa = PBXFileReference; lastKnownFileType = sourcecode.swift; path = ModelParameters.swift; sourceTree = "<group>"; };
		87922DA725D9351C001FFCFB /* Variables.swift */ = {isa = PBXFileReference; lastKnownFileType = sourcecode.swift; path = Variables.swift; sourceTree = "<group>"; };
		87922DAC25D93593001FFCFB /* AlamofireManager.swift */ = {isa = PBXFileReference; lastKnownFileType = sourcecode.swift; path = AlamofireManager.swift; sourceTree = "<group>"; };
		87922DB125D94735001FFCFB /* ModelService.swift */ = {isa = PBXFileReference; lastKnownFileType = sourcecode.swift; path = ModelService.swift; sourceTree = "<group>"; };
		87922DB625D96716001FFCFB /* DetailsViewController.swift */ = {isa = PBXFileReference; lastKnownFileType = sourcecode.swift; path = DetailsViewController.swift; sourceTree = "<group>"; };
		87922DBB25D96744001FFCFB /* MVVMTableViewCell.swift */ = {isa = PBXFileReference; lastKnownFileType = sourcecode.swift; path = MVVMTableViewCell.swift; sourceTree = "<group>"; };
		87B54A2825D88EEF0030EBF5 /* MVVMOperations.app */ = {isa = PBXFileReference; explicitFileType = wrapper.application; includeInIndex = 0; path = MVVMOperations.app; sourceTree = BUILT_PRODUCTS_DIR; };
		87B54A2B25D88EEF0030EBF5 /* AppDelegate.swift */ = {isa = PBXFileReference; lastKnownFileType = sourcecode.swift; path = AppDelegate.swift; sourceTree = "<group>"; };
		87B54A2D25D88EEF0030EBF5 /* SceneDelegate.swift */ = {isa = PBXFileReference; lastKnownFileType = sourcecode.swift; path = SceneDelegate.swift; sourceTree = "<group>"; };
		87B54A2F25D88EEF0030EBF5 /* ViewController.swift */ = {isa = PBXFileReference; lastKnownFileType = sourcecode.swift; path = ViewController.swift; sourceTree = "<group>"; };
		87B54A3225D88EEF0030EBF5 /* Base */ = {isa = PBXFileReference; lastKnownFileType = file.storyboard; name = Base; path = Base.lproj/Main.storyboard; sourceTree = "<group>"; };
		87B54A3425D88EF10030EBF5 /* Assets.xcassets */ = {isa = PBXFileReference; lastKnownFileType = folder.assetcatalog; path = Assets.xcassets; sourceTree = "<group>"; };
		87B54A3725D88EF10030EBF5 /* Base */ = {isa = PBXFileReference; lastKnownFileType = file.storyboard; name = Base; path = Base.lproj/LaunchScreen.storyboard; sourceTree = "<group>"; };
		87B54A3925D88EF10030EBF5 /* Info.plist */ = {isa = PBXFileReference; lastKnownFileType = text.plist.xml; path = Info.plist; sourceTree = "<group>"; };
		87B54A3E25D88EF10030EBF5 /* MVVMOperationsTests.xctest */ = {isa = PBXFileReference; explicitFileType = wrapper.cfbundle; includeInIndex = 0; path = MVVMOperationsTests.xctest; sourceTree = BUILT_PRODUCTS_DIR; };
		87B54A4225D88EF10030EBF5 /* MVVMOperationsTests.swift */ = {isa = PBXFileReference; lastKnownFileType = sourcecode.swift; path = MVVMOperationsTests.swift; sourceTree = "<group>"; };
		87B54A4425D88EF10030EBF5 /* Info.plist */ = {isa = PBXFileReference; lastKnownFileType = text.plist.xml; path = Info.plist; sourceTree = "<group>"; };
		87B54A4925D88EF10030EBF5 /* MVVMOperationsUITests.xctest */ = {isa = PBXFileReference; explicitFileType = wrapper.cfbundle; includeInIndex = 0; path = MVVMOperationsUITests.xctest; sourceTree = BUILT_PRODUCTS_DIR; };
		87B54A4D25D88EF10030EBF5 /* MVVMOperationsUITests.swift */ = {isa = PBXFileReference; lastKnownFileType = sourcecode.swift; path = MVVMOperationsUITests.swift; sourceTree = "<group>"; };
		87B54A4F25D88EF10030EBF5 /* Info.plist */ = {isa = PBXFileReference; lastKnownFileType = text.plist.xml; path = Info.plist; sourceTree = "<group>"; };
		8E4270CEBE0B7559BBC6BA47 /* Pods_MVVMOperations_MVVMOperationsUITests.framework */ = {isa = PBXFileReference; explicitFileType = wrapper.framework; includeInIndex = 0; path = Pods_MVVMOperations_MVVMOperationsUITests.framework; sourceTree = BUILT_PRODUCTS_DIR; };
		A29A3C944BAF15B354EAE659 /* Pods_MVVMOperations.framework */ = {isa = PBXFileReference; explicitFileType = wrapper.framework; includeInIndex = 0; path = Pods_MVVMOperations.framework; sourceTree = BUILT_PRODUCTS_DIR; };
		B33402FAF773CA88FEC6FB6C /* Pods-MVVMOperations.release.xcconfig */ = {isa = PBXFileReference; includeInIndex = 1; lastKnownFileType = text.xcconfig; name = "Pods-MVVMOperations.release.xcconfig"; path = "Target Support Files/Pods-MVVMOperations/Pods-MVVMOperations.release.xcconfig"; sourceTree = "<group>"; };
		B39B0A733DF2ABFA93E74849 /* Pods-MVVMOperationsTests.release.xcconfig */ = {isa = PBXFileReference; includeInIndex = 1; lastKnownFileType = text.xcconfig; name = "Pods-MVVMOperationsTests.release.xcconfig"; path = "Target Support Files/Pods-MVVMOperationsTests/Pods-MVVMOperationsTests.release.xcconfig"; sourceTree = "<group>"; };
		CDC7CA66B4A9559093760C25 /* Pods-MVVMOperations-MVVMOperationsUITests.debug.xcconfig */ = {isa = PBXFileReference; includeInIndex = 1; lastKnownFileType = text.xcconfig; name = "Pods-MVVMOperations-MVVMOperationsUITests.debug.xcconfig"; path = "Target Support Files/Pods-MVVMOperations-MVVMOperationsUITests/Pods-MVVMOperations-MVVMOperationsUITests.debug.xcconfig"; sourceTree = "<group>"; };
		D88FE221FEE18D2B99299D7E /* Pods-MVVMOperationsTests.debug.xcconfig */ = {isa = PBXFileReference; includeInIndex = 1; lastKnownFileType = text.xcconfig; name = "Pods-MVVMOperationsTests.debug.xcconfig"; path = "Target Support Files/Pods-MVVMOperationsTests/Pods-MVVMOperationsTests.debug.xcconfig"; sourceTree = "<group>"; };
/* End PBXFileReference section */

/* Begin PBXFrameworksBuildPhase section */
		87B54A2525D88EEF0030EBF5 /* Frameworks */ = {
			isa = PBXFrameworksBuildPhase;
			buildActionMask = 2147483647;
			files = (
				977ABE9CD5E61CB871F2C45C /* Pods_MVVMOperations.framework in Frameworks */,
			);
			runOnlyForDeploymentPostprocessing = 0;
		};
		87B54A3B25D88EF10030EBF5 /* Frameworks */ = {
			isa = PBXFrameworksBuildPhase;
			buildActionMask = 2147483647;
			files = (
				A7C677BC74E0C17B299D04EB /* Pods_MVVMOperationsTests.framework in Frameworks */,
			);
			runOnlyForDeploymentPostprocessing = 0;
		};
		87B54A4625D88EF10030EBF5 /* Frameworks */ = {
			isa = PBXFrameworksBuildPhase;
			buildActionMask = 2147483647;
			files = (
				84FFC52778C4A040D9D0F532 /* Pods_MVVMOperations_MVVMOperationsUITests.framework in Frameworks */,
			);
			runOnlyForDeploymentPostprocessing = 0;
		};
/* End PBXFrameworksBuildPhase section */

/* Begin PBXGroup section */
		55CC4D09ED6900E25549FA5F /* Pods */ = {
			isa = PBXGroup;
			children = (
				5ACEF7E62A03194175C5789A /* Pods-MVVMOperations.debug.xcconfig */,
				B33402FAF773CA88FEC6FB6C /* Pods-MVVMOperations.release.xcconfig */,
				CDC7CA66B4A9559093760C25 /* Pods-MVVMOperations-MVVMOperationsUITests.debug.xcconfig */,
				4993C1928C236041273E139E /* Pods-MVVMOperations-MVVMOperationsUITests.release.xcconfig */,
				D88FE221FEE18D2B99299D7E /* Pods-MVVMOperationsTests.debug.xcconfig */,
				B39B0A733DF2ABFA93E74849 /* Pods-MVVMOperationsTests.release.xcconfig */,
			);
			path = Pods;
			sourceTree = "<group>";
		};
		604E4E4743540F7D16BB5D7F /* Frameworks */ = {
			isa = PBXGroup;
			children = (
				A29A3C944BAF15B354EAE659 /* Pods_MVVMOperations.framework */,
				8E4270CEBE0B7559BBC6BA47 /* Pods_MVVMOperations_MVVMOperationsUITests.framework */,
				0A73AC66DFD803B88D0CE7D8 /* Pods_MVVMOperationsTests.framework */,
			);
			name = Frameworks;
			sourceTree = "<group>";
		};
		873F005925D895C1002A4BD8 /* Service */ = {
			isa = PBXGroup;
			children = (
				87922DB125D94735001FFCFB /* ModelService.swift */,
			);
			path = Service;
			sourceTree = "<group>";
		};
		873F005A25D898AB002A4BD8 /* Model */ = {
			isa = PBXGroup;
			children = (
				873F005D25D899A5002A4BD8 /* Model.swift */,
				873F006525D89B08002A4BD8 /* ModelParameters.swift */,
			);
			path = Model;
			sourceTree = "<group>";
		};
		873F005B25D89976002A4BD8 /* Helper */ = {
			isa = PBXGroup;
			children = (
				87922DA725D9351C001FFCFB /* Variables.swift */,
			);
			path = Helper;
			sourceTree = "<group>";
		};
		873F005C25D89988002A4BD8 /* Manager */ = {
			isa = PBXGroup;
			children = (
				87922DAC25D93593001FFCFB /* AlamofireManager.swift */,
			);
			path = Manager;
			sourceTree = "<group>";
		};
		87B54A1F25D88EEF0030EBF5 = {
			isa = PBXGroup;
			children = (
				87B54A2A25D88EEF0030EBF5 /* MVVMOperations */,
				87B54A4125D88EF10030EBF5 /* MVVMOperationsTests */,
				87B54A4C25D88EF10030EBF5 /* MVVMOperationsUITests */,
				87B54A2925D88EEF0030EBF5 /* Products */,
				55CC4D09ED6900E25549FA5F /* Pods */,
				604E4E4743540F7D16BB5D7F /* Frameworks */,
			);
			sourceTree = "<group>";
		};
		87B54A2925D88EEF0030EBF5 /* Products */ = {
			isa = PBXGroup;
			children = (
				87B54A2825D88EEF0030EBF5 /* MVVMOperations.app */,
				87B54A3E25D88EF10030EBF5 /* MVVMOperationsTests.xctest */,
				87B54A4925D88EF10030EBF5 /* MVVMOperationsUITests.xctest */,
			);
			name = Products;
			sourceTree = "<group>";
		};
		87B54A2A25D88EEF0030EBF5 /* MVVMOperations */ = {
			isa = PBXGroup;
			children = (
				873F005C25D89988002A4BD8 /* Manager */,
				873F005B25D89976002A4BD8 /* Helper */,
				873F005A25D898AB002A4BD8 /* Model */,
				873F005925D895C1002A4BD8 /* Service */,
				87B54A2B25D88EEF0030EBF5 /* AppDelegate.swift */,
				87B54A2D25D88EEF0030EBF5 /* SceneDelegate.swift */,
				87B54A2F25D88EEF0030EBF5 /* ViewController.swift */,
				87B54A3125D88EEF0030EBF5 /* Main.storyboard */,
				87922DBB25D96744001FFCFB /* MVVMTableViewCell.swift */,
				87B54A3425D88EF10030EBF5 /* Assets.xcassets */,
				87B54A3625D88EF10030EBF5 /* LaunchScreen.storyboard */,
				87B54A3925D88EF10030EBF5 /* Info.plist */,
				87922DB625D96716001FFCFB /* DetailsViewController.swift */,
			);
			path = MVVMOperations;
			sourceTree = "<group>";
		};
		87B54A4125D88EF10030EBF5 /* MVVMOperationsTests */ = {
			isa = PBXGroup;
			children = (
				87B54A4225D88EF10030EBF5 /* MVVMOperationsTests.swift */,
				87B54A4425D88EF10030EBF5 /* Info.plist */,
			);
			path = MVVMOperationsTests;
			sourceTree = "<group>";
		};
		87B54A4C25D88EF10030EBF5 /* MVVMOperationsUITests */ = {
			isa = PBXGroup;
			children = (
				87B54A4D25D88EF10030EBF5 /* MVVMOperationsUITests.swift */,
				87B54A4F25D88EF10030EBF5 /* Info.plist */,
			);
			path = MVVMOperationsUITests;
			sourceTree = "<group>";
		};
/* End PBXGroup section */

/* Begin PBXNativeTarget section */
		87B54A2725D88EEF0030EBF5 /* MVVMOperations */ = {
			isa = PBXNativeTarget;
			buildConfigurationList = 87B54A5225D88EF10030EBF5 /* Build configuration list for PBXNativeTarget "MVVMOperations" */;
			buildPhases = (
				081B8D4BFB4ABF33A33DE2BD /* [CP] Check Pods Manifest.lock */,
				87B54A2425D88EEF0030EBF5 /* Sources */,
				87B54A2525D88EEF0030EBF5 /* Frameworks */,
				87B54A2625D88EEF0030EBF5 /* Resources */,
				B0AAACD5363A6A37471D85F5 /* [CP] Embed Pods Frameworks */,
			);
			buildRules = (
			);
			dependencies = (
			);
			name = MVVMOperations;
			productName = MVVMOperations;
			productReference = 87B54A2825D88EEF0030EBF5 /* MVVMOperations.app */;
			productType = "com.apple.product-type.application";
		};
		87B54A3D25D88EF10030EBF5 /* MVVMOperationsTests */ = {
			isa = PBXNativeTarget;
			buildConfigurationList = 87B54A5525D88EF10030EBF5 /* Build configuration list for PBXNativeTarget "MVVMOperationsTests" */;
			buildPhases = (
				DB842D347120C5629D2D0EB6 /* [CP] Check Pods Manifest.lock */,
				87B54A3A25D88EF10030EBF5 /* Sources */,
				87B54A3B25D88EF10030EBF5 /* Frameworks */,
				87B54A3C25D88EF10030EBF5 /* Resources */,
			);
			buildRules = (
			);
			dependencies = (
				87B54A4025D88EF10030EBF5 /* PBXTargetDependency */,
			);
			name = MVVMOperationsTests;
			productName = MVVMOperationsTests;
			productReference = 87B54A3E25D88EF10030EBF5 /* MVVMOperationsTests.xctest */;
			productType = "com.apple.product-type.bundle.unit-test";
		};
		87B54A4825D88EF10030EBF5 /* MVVMOperationsUITests */ = {
			isa = PBXNativeTarget;
			buildConfigurationList = 87B54A5825D88EF10030EBF5 /* Build configuration list for PBXNativeTarget "MVVMOperationsUITests" */;
			buildPhases = (
				374AA311B147B6C6EEF577E9 /* [CP] Check Pods Manifest.lock */,
				87B54A4525D88EF10030EBF5 /* Sources */,
				87B54A4625D88EF10030EBF5 /* Frameworks */,
				87B54A4725D88EF10030EBF5 /* Resources */,
				A9433417F08F4BA9FA98032F /* [CP] Embed Pods Frameworks */,
			);
			buildRules = (
			);
			dependencies = (
				87B54A4B25D88EF10030EBF5 /* PBXTargetDependency */,
			);
			name = MVVMOperationsUITests;
			productName = MVVMOperationsUITests;
			productReference = 87B54A4925D88EF10030EBF5 /* MVVMOperationsUITests.xctest */;
			productType = "com.apple.product-type.bundle.ui-testing";
		};
/* End PBXNativeTarget section */

/* Begin PBXProject section */
		87B54A2025D88EEF0030EBF5 /* Project object */ = {
			isa = PBXProject;
			attributes = {
				LastSwiftUpdateCheck = 1240;
				LastUpgradeCheck = 1240;
				TargetAttributes = {
					87B54A2725D88EEF0030EBF5 = {
						CreatedOnToolsVersion = 12.4;
					};
					87B54A3D25D88EF10030EBF5 = {
						CreatedOnToolsVersion = 12.4;
						TestTargetID = 87B54A2725D88EEF0030EBF5;
					};
					87B54A4825D88EF10030EBF5 = {
						CreatedOnToolsVersion = 12.4;
						TestTargetID = 87B54A2725D88EEF0030EBF5;
					};
				};
			};
			buildConfigurationList = 87B54A2325D88EEF0030EBF5 /* Build configuration list for PBXProject "MVVMOperations" */;
			compatibilityVersion = "Xcode 9.3";
			developmentRegion = en;
			hasScannedForEncodings = 0;
			knownRegions = (
				en,
				Base,
			);
			mainGroup = 87B54A1F25D88EEF0030EBF5;
			productRefGroup = 87B54A2925D88EEF0030EBF5 /* Products */;
			projectDirPath = "";
			projectRoot = "";
			targets = (
				87B54A2725D88EEF0030EBF5 /* MVVMOperations */,
				87B54A3D25D88EF10030EBF5 /* MVVMOperationsTests */,
				87B54A4825D88EF10030EBF5 /* MVVMOperationsUITests */,
			);
		};
/* End PBXProject section */

/* Begin PBXResourcesBuildPhase section */
		87B54A2625D88EEF0030EBF5 /* Resources */ = {
			isa = PBXResourcesBuildPhase;
			buildActionMask = 2147483647;
			files = (
				87B54A3825D88EF10030EBF5 /* LaunchScreen.storyboard in Resources */,
				87B54A3525D88EF10030EBF5 /* Assets.xcassets in Resources */,
				87B54A3325D88EEF0030EBF5 /* Main.storyboard in Resources */,
			);
			runOnlyForDeploymentPostprocessing = 0;
		};
		87B54A3C25D88EF10030EBF5 /* Resources */ = {
			isa = PBXResourcesBuildPhase;
			buildActionMask = 2147483647;
			files = (
			);
			runOnlyForDeploymentPostprocessing = 0;
		};
		87B54A4725D88EF10030EBF5 /* Resources */ = {
			isa = PBXResourcesBuildPhase;
			buildActionMask = 2147483647;
			files = (
			);
			runOnlyForDeploymentPostprocessing = 0;
		};
/* End PBXResourcesBuildPhase section */

/* Begin PBXShellScriptBuildPhase section */
		081B8D4BFB4ABF33A33DE2BD /* [CP] Check Pods Manifest.lock */ = {
			isa = PBXShellScriptBuildPhase;
			buildActionMask = 2147483647;
			files = (
			);
			inputFileListPaths = (
			);
			inputPaths = (
				"${PODS_PODFILE_DIR_PATH}/Podfile.lock",
				"${PODS_ROOT}/Manifest.lock",
			);
			name = "[CP] Check Pods Manifest.lock";
			outputFileListPaths = (
			);
			outputPaths = (
				"$(DERIVED_FILE_DIR)/Pods-MVVMOperations-checkManifestLockResult.txt",
			);
			runOnlyForDeploymentPostprocessing = 0;
			shellPath = /bin/sh;
			shellScript = "diff \"${PODS_PODFILE_DIR_PATH}/Podfile.lock\" \"${PODS_ROOT}/Manifest.lock\" > /dev/null\nif [ $? != 0 ] ; then\n    # print error to STDERR\n    echo \"error: The sandbox is not in sync with the Podfile.lock. Run 'pod install' or update your CocoaPods installation.\" >&2\n    exit 1\nfi\n# This output is used by Xcode 'outputs' to avoid re-running this script phase.\necho \"SUCCESS\" > \"${SCRIPT_OUTPUT_FILE_0}\"\n";
			showEnvVarsInLog = 0;
		};
		374AA311B147B6C6EEF577E9 /* [CP] Check Pods Manifest.lock */ = {
			isa = PBXShellScriptBuildPhase;
			buildActionMask = 2147483647;
			files = (
			);
			inputFileListPaths = (
			);
			inputPaths = (
				"${PODS_PODFILE_DIR_PATH}/Podfile.lock",
				"${PODS_ROOT}/Manifest.lock",
			);
			name = "[CP] Check Pods Manifest.lock";
			outputFileListPaths = (
			);
			outputPaths = (
				"$(DERIVED_FILE_DIR)/Pods-MVVMOperations-MVVMOperationsUITests-checkManifestLockResult.txt",
			);
			runOnlyForDeploymentPostprocessing = 0;
			shellPath = /bin/sh;
			shellScript = "diff \"${PODS_PODFILE_DIR_PATH}/Podfile.lock\" \"${PODS_ROOT}/Manifest.lock\" > /dev/null\nif [ $? != 0 ] ; then\n    # print error to STDERR\n    echo \"error: The sandbox is not in sync with the Podfile.lock. Run 'pod install' or update your CocoaPods installation.\" >&2\n    exit 1\nfi\n# This output is used by Xcode 'outputs' to avoid re-running this script phase.\necho \"SUCCESS\" > \"${SCRIPT_OUTPUT_FILE_0}\"\n";
			showEnvVarsInLog = 0;
		};
		A9433417F08F4BA9FA98032F /* [CP] Embed Pods Frameworks */ = {
			isa = PBXShellScriptBuildPhase;
			buildActionMask = 2147483647;
			files = (
			);
			inputFileListPaths = (
				"${PODS_ROOT}/Target Support Files/Pods-MVVMOperations-MVVMOperationsUITests/Pods-MVVMOperations-MVVMOperationsUITests-frameworks-${CONFIGURATION}-input-files.xcfilelist",
			);
			name = "[CP] Embed Pods Frameworks";
			outputFileListPaths = (
				"${PODS_ROOT}/Target Support Files/Pods-MVVMOperations-MVVMOperationsUITests/Pods-MVVMOperations-MVVMOperationsUITests-frameworks-${CONFIGURATION}-output-files.xcfilelist",
			);
			runOnlyForDeploymentPostprocessing = 0;
			shellPath = /bin/sh;
			shellScript = "\"${PODS_ROOT}/Target Support Files/Pods-MVVMOperations-MVVMOperationsUITests/Pods-MVVMOperations-MVVMOperationsUITests-frameworks.sh\"\n";
			showEnvVarsInLog = 0;
		};
		B0AAACD5363A6A37471D85F5 /* [CP] Embed Pods Frameworks */ = {
			isa = PBXShellScriptBuildPhase;
			buildActionMask = 2147483647;
			files = (
			);
			inputFileListPaths = (
				"${PODS_ROOT}/Target Support Files/Pods-MVVMOperations/Pods-MVVMOperations-frameworks-${CONFIGURATION}-input-files.xcfilelist",
			);
			name = "[CP] Embed Pods Frameworks";
			outputFileListPaths = (
				"${PODS_ROOT}/Target Support Files/Pods-MVVMOperations/Pods-MVVMOperations-frameworks-${CONFIGURATION}-output-files.xcfilelist",
			);
			runOnlyForDeploymentPostprocessing = 0;
			shellPath = /bin/sh;
			shellScript = "\"${PODS_ROOT}/Target Support Files/Pods-MVVMOperations/Pods-MVVMOperations-frameworks.sh\"\n";
			showEnvVarsInLog = 0;
		};
		DB842D347120C5629D2D0EB6 /* [CP] Check Pods Manifest.lock */ = {
			isa = PBXShellScriptBuildPhase;
			buildActionMask = 2147483647;
			files = (
			);
			inputFileListPaths = (
			);
			inputPaths = (
				"${PODS_PODFILE_DIR_PATH}/Podfile.lock",
				"${PODS_ROOT}/Manifest.lock",
			);
			name = "[CP] Check Pods Manifest.lock";
			outputFileListPaths = (
			);
			outputPaths = (
				"$(DERIVED_FILE_DIR)/Pods-MVVMOperationsTests-checkManifestLockResult.txt",
			);
			runOnlyForDeploymentPostprocessing = 0;
			shellPath = /bin/sh;
			shellScript = "diff \"${PODS_PODFILE_DIR_PATH}/Podfile.lock\" \"${PODS_ROOT}/Manifest.lock\" > /dev/null\nif [ $? != 0 ] ; then\n    # print error to STDERR\n    echo \"error: The sandbox is not in sync with the Podfile.lock. Run 'pod install' or update your CocoaPods installation.\" >&2\n    exit 1\nfi\n# This output is used by Xcode 'outputs' to avoid re-running this script phase.\necho \"SUCCESS\" > \"${SCRIPT_OUTPUT_FILE_0}\"\n";
			showEnvVarsInLog = 0;
		};
/* End PBXShellScriptBuildPhase section */

/* Begin PBXSourcesBuildPhase section */
		87B54A2425D88EEF0030EBF5 /* Sources */ = {
			isa = PBXSourcesBuildPhase;
			buildActionMask = 2147483647;
			files = (
				873F006625D89B08002A4BD8 /* ModelParameters.swift in Sources */,
				87B54A3025D88EEF0030EBF5 /* ViewController.swift in Sources */,
				87922DB725D96716001FFCFB /* DetailsViewController.swift in Sources */,
				87922DBC25D96744001FFCFB /* MVVMTableViewCell.swift in Sources */,
				87B54A2C25D88EEF0030EBF5 /* AppDelegate.swift in Sources */,
				87922DA825D9351C001FFCFB /* Variables.swift in Sources */,
				87B54A2E25D88EEF0030EBF5 /* SceneDelegate.swift in Sources */,
				87922DAD25D93593001FFCFB /* AlamofireManager.swift in Sources */,
				873F005E25D899A5002A4BD8 /* Model.swift in Sources */,
				87922DB225D94735001FFCFB /* ModelService.swift in Sources */,
			);
			runOnlyForDeploymentPostprocessing = 0;
		};
		87B54A3A25D88EF10030EBF5 /* Sources */ = {
			isa = PBXSourcesBuildPhase;
			buildActionMask = 2147483647;
			files = (
				87B54A4325D88EF10030EBF5 /* MVVMOperationsTests.swift in Sources */,
			);
			runOnlyForDeploymentPostprocessing = 0;
		};
		87B54A4525D88EF10030EBF5 /* Sources */ = {
			isa = PBXSourcesBuildPhase;
			buildActionMask = 2147483647;
			files = (
				87B54A4E25D88EF10030EBF5 /* MVVMOperationsUITests.swift in Sources */,
			);
			runOnlyForDeploymentPostprocessing = 0;
		};
/* End PBXSourcesBuildPhase section */

/* Begin PBXTargetDependency section */
		87B54A4025D88EF10030EBF5 /* PBXTargetDependency */ = {
			isa = PBXTargetDependency;
			target = 87B54A2725D88EEF0030EBF5 /* MVVMOperations */;
			targetProxy = 87B54A3F25D88EF10030EBF5 /* PBXContainerItemProxy */;
		};
		87B54A4B25D88EF10030EBF5 /* PBXTargetDependency */ = {
			isa = PBXTargetDependency;
			target = 87B54A2725D88EEF0030EBF5 /* MVVMOperations */;
			targetProxy = 87B54A4A25D88EF10030EBF5 /* PBXContainerItemProxy */;
		};
/* End PBXTargetDependency section */

/* Begin PBXVariantGroup section */
		87B54A3125D88EEF0030EBF5 /* Main.storyboard */ = {
			isa = PBXVariantGroup;
			children = (
				87B54A3225D88EEF0030EBF5 /* Base */,
			);
			name = Main.storyboard;
			sourceTree = "<group>";
		};
		87B54A3625D88EF10030EBF5 /* LaunchScreen.storyboard */ = {
			isa = PBXVariantGroup;
			children = (
				87B54A3725D88EF10030EBF5 /* Base */,
			);
			name = LaunchScreen.storyboard;
			sourceTree = "<group>";
		};
/* End PBXVariantGroup section */

/* Begin XCBuildConfiguration section */
		87B54A5025D88EF10030EBF5 /* Debug */ = {
			isa = XCBuildConfiguration;
			buildSettings = {
				ALWAYS_SEARCH_USER_PATHS = NO;
				CLANG_ANALYZER_NONNULL = YES;
				CLANG_ANALYZER_NUMBER_OBJECT_CONVERSION = YES_AGGRESSIVE;
				CLANG_CXX_LANGUAGE_STANDARD = "gnu++14";
				CLANG_CXX_LIBRARY = "libc++";
				CLANG_ENABLE_MODULES = YES;
				CLANG_ENABLE_OBJC_ARC = YES;
				CLANG_ENABLE_OBJC_WEAK = YES;
				CLANG_WARN_BLOCK_CAPTURE_AUTORELEASING = YES;
				CLANG_WARN_BOOL_CONVERSION = YES;
				CLANG_WARN_COMMA = YES;
				CLANG_WARN_CONSTANT_CONVERSION = YES;
				CLANG_WARN_DEPRECATED_OBJC_IMPLEMENTATIONS = YES;
				CLANG_WARN_DIRECT_OBJC_ISA_USAGE = YES_ERROR;
				CLANG_WARN_DOCUMENTATION_COMMENTS = YES;
				CLANG_WARN_EMPTY_BODY = YES;
				CLANG_WARN_ENUM_CONVERSION = YES;
				CLANG_WARN_INFINITE_RECURSION = YES;
				CLANG_WARN_INT_CONVERSION = YES;
				CLANG_WARN_NON_LITERAL_NULL_CONVERSION = YES;
				CLANG_WARN_OBJC_IMPLICIT_RETAIN_SELF = YES;
				CLANG_WARN_OBJC_LITERAL_CONVERSION = YES;
				CLANG_WARN_OBJC_ROOT_CLASS = YES_ERROR;
				CLANG_WARN_QUOTED_INCLUDE_IN_FRAMEWORK_HEADER = YES;
				CLANG_WARN_RANGE_LOOP_ANALYSIS = YES;
				CLANG_WARN_STRICT_PROTOTYPES = YES;
				CLANG_WARN_SUSPICIOUS_MOVE = YES;
				CLANG_WARN_UNGUARDED_AVAILABILITY = YES_AGGRESSIVE;
				CLANG_WARN_UNREACHABLE_CODE = YES;
				CLANG_WARN__DUPLICATE_METHOD_MATCH = YES;
				COPY_PHASE_STRIP = NO;
				DEBUG_INFORMATION_FORMAT = dwarf;
				ENABLE_STRICT_OBJC_MSGSEND = YES;
				ENABLE_TESTABILITY = YES;
				GCC_C_LANGUAGE_STANDARD = gnu11;
				GCC_DYNAMIC_NO_PIC = NO;
				GCC_NO_COMMON_BLOCKS = YES;
				GCC_OPTIMIZATION_LEVEL = 0;
				GCC_PREPROCESSOR_DEFINITIONS = (
					"DEBUG=1",
					"$(inherited)",
				);
				GCC_WARN_64_TO_32_BIT_CONVERSION = YES;
				GCC_WARN_ABOUT_RETURN_TYPE = YES_ERROR;
				GCC_WARN_UNDECLARED_SELECTOR = YES;
				GCC_WARN_UNINITIALIZED_AUTOS = YES_AGGRESSIVE;
				GCC_WARN_UNUSED_FUNCTION = YES;
				GCC_WARN_UNUSED_VARIABLE = YES;
				IPHONEOS_DEPLOYMENT_TARGET = 14.4;
				MTL_ENABLE_DEBUG_INFO = INCLUDE_SOURCE;
				MTL_FAST_MATH = YES;
				ONLY_ACTIVE_ARCH = YES;
				SDKROOT = iphoneos;
				SWIFT_ACTIVE_COMPILATION_CONDITIONS = DEBUG;
				SWIFT_OPTIMIZATION_LEVEL = "-Onone";
			};
			name = Debug;
		};
		87B54A5125D88EF10030EBF5 /* Release */ = {
			isa = XCBuildConfiguration;
			buildSettings = {
				ALWAYS_SEARCH_USER_PATHS = NO;
				CLANG_ANALYZER_NONNULL = YES;
				CLANG_ANALYZER_NUMBER_OBJECT_CONVERSION = YES_AGGRESSIVE;
				CLANG_CXX_LANGUAGE_STANDARD = "gnu++14";
				CLANG_CXX_LIBRARY = "libc++";
				CLANG_ENABLE_MODULES = YES;
				CLANG_ENABLE_OBJC_ARC = YES;
				CLANG_ENABLE_OBJC_WEAK = YES;
				CLANG_WARN_BLOCK_CAPTURE_AUTORELEASING = YES;
				CLANG_WARN_BOOL_CONVERSION = YES;
				CLANG_WARN_COMMA = YES;
				CLANG_WARN_CONSTANT_CONVERSION = YES;
				CLANG_WARN_DEPRECATED_OBJC_IMPLEMENTATIONS = YES;
				CLANG_WARN_DIRECT_OBJC_ISA_USAGE = YES_ERROR;
				CLANG_WARN_DOCUMENTATION_COMMENTS = YES;
				CLANG_WARN_EMPTY_BODY = YES;
				CLANG_WARN_ENUM_CONVERSION = YES;
				CLANG_WARN_INFINITE_RECURSION = YES;
				CLANG_WARN_INT_CONVERSION = YES;
				CLANG_WARN_NON_LITERAL_NULL_CONVERSION = YES;
				CLANG_WARN_OBJC_IMPLICIT_RETAIN_SELF = YES;
				CLANG_WARN_OBJC_LITERAL_CONVERSION = YES;
				CLANG_WARN_OBJC_ROOT_CLASS = YES_ERROR;
				CLANG_WARN_QUOTED_INCLUDE_IN_FRAMEWORK_HEADER = YES;
				CLANG_WARN_RANGE_LOOP_ANALYSIS = YES;
				CLANG_WARN_STRICT_PROTOTYPES = YES;
				CLANG_WARN_SUSPICIOUS_MOVE = YES;
				CLANG_WARN_UNGUARDED_AVAILABILITY = YES_AGGRESSIVE;
				CLANG_WARN_UNREACHABLE_CODE = YES;
				CLANG_WARN__DUPLICATE_METHOD_MATCH = YES;
				COPY_PHASE_STRIP = NO;
				DEBUG_INFORMATION_FORMAT = "dwarf-with-dsym";
				ENABLE_NS_ASSERTIONS = NO;
				ENABLE_STRICT_OBJC_MSGSEND = YES;
				GCC_C_LANGUAGE_STANDARD = gnu11;
				GCC_NO_COMMON_BLOCKS = YES;
				GCC_WARN_64_TO_32_BIT_CONVERSION = YES;
				GCC_WARN_ABOUT_RETURN_TYPE = YES_ERROR;
				GCC_WARN_UNDECLARED_SELECTOR = YES;
				GCC_WARN_UNINITIALIZED_AUTOS = YES_AGGRESSIVE;
				GCC_WARN_UNUSED_FUNCTION = YES;
				GCC_WARN_UNUSED_VARIABLE = YES;
				IPHONEOS_DEPLOYMENT_TARGET = 14.4;
				MTL_ENABLE_DEBUG_INFO = NO;
				MTL_FAST_MATH = YES;
				SDKROOT = iphoneos;
				SWIFT_COMPILATION_MODE = wholemodule;
				SWIFT_OPTIMIZATION_LEVEL = "-O";
				VALIDATE_PRODUCT = YES;
			};
			name = Release;
		};
		87B54A5325D88EF10030EBF5 /* Debug */ = {
			isa = XCBuildConfiguration;
			baseConfigurationReference = 5ACEF7E62A03194175C5789A /* Pods-MVVMOperations.debug.xcconfig */;
			buildSettings = {
				ASSETCATALOG_COMPILER_APPICON_NAME = AppIcon;
				ASSETCATALOG_COMPILER_GLOBAL_ACCENT_COLOR_NAME = AccentColor;
				CODE_SIGN_STYLE = Automatic;
				DEVELOPMENT_TEAM = V6CZB46Y6J;
				INFOPLIST_FILE = MVVMOperations/Info.plist;
				LD_RUNPATH_SEARCH_PATHS = (
					"$(inherited)",
					"@executable_path/Frameworks",
				);
				PRODUCT_BUNDLE_IDENTIFIER = yakup.MVVMOperations;
				PRODUCT_NAME = "$(TARGET_NAME)";
				SWIFT_VERSION = 5.0;
				TARGETED_DEVICE_FAMILY = "1,2";
			};
			name = Debug;
		};
		87B54A5425D88EF10030EBF5 /* Release */ = {
			isa = XCBuildConfiguration;
			baseConfigurationReference = B33402FAF773CA88FEC6FB6C /* Pods-MVVMOperations.release.xcconfig */;
			buildSettings = {
				ASSETCATALOG_COMPILER_APPICON_NAME = AppIcon;
				ASSETCATALOG_COMPILER_GLOBAL_ACCENT_COLOR_NAME = AccentColor;
				CODE_SIGN_STYLE = Automatic;
				DEVELOPMENT_TEAM = V6CZB46Y6J;
				INFOPLIST_FILE = MVVMOperations/Info.plist;
				LD_RUNPATH_SEARCH_PATHS = (
					"$(inherited)",
					"@executable_path/Frameworks",
				);
				PRODUCT_BUNDLE_IDENTIFIER = yakup.MVVMOperations;
				PRODUCT_NAME = "$(TARGET_NAME)";
				SWIFT_VERSION = 5.0;
				TARGETED_DEVICE_FAMILY = "1,2";
			};
			name = Release;
		};
		87B54A5625D88EF10030EBF5 /* Debug */ = {
			isa = XCBuildConfiguration;
			baseConfigurationReference = D88FE221FEE18D2B99299D7E /* Pods-MVVMOperationsTests.debug.xcconfig */;
			buildSettings = {
				ALWAYS_EMBED_SWIFT_STANDARD_LIBRARIES = YES;
				BUNDLE_LOADER = "$(TEST_HOST)";
				CODE_SIGN_STYLE = Automatic;
				DEVELOPMENT_TEAM = V6CZB46Y6J;
				INFOPLIST_FILE = MVVMOperationsTests/Info.plist;
				IPHONEOS_DEPLOYMENT_TARGET = 14.4;
				LD_RUNPATH_SEARCH_PATHS = (
					"$(inherited)",
					"@executable_path/Frameworks",
					"@loader_path/Frameworks",
				);
				PRODUCT_BUNDLE_IDENTIFIER = yakup.MVVMOperationsTests;
				PRODUCT_NAME = "$(TARGET_NAME)";
				SWIFT_VERSION = 5.0;
				TARGETED_DEVICE_FAMILY = "1,2";
				TEST_HOST = "$(BUILT_PRODUCTS_DIR)/MVVMOperations.app/MVVMOperations";
			};
			name = Debug;
		};
		87B54A5725D88EF10030EBF5 /* Release */ = {
			isa = XCBuildConfiguration;
			baseConfigurationReference = B39B0A733DF2ABFA93E74849 /* Pods-MVVMOperationsTests.release.xcconfig */;
			buildSettings = {
				ALWAYS_EMBED_SWIFT_STANDARD_LIBRARIES = YES;
				BUNDLE_LOADER = "$(TEST_HOST)";
				CODE_SIGN_STYLE = Automatic;
				DEVELOPMENT_TEAM = V6CZB46Y6J;
				INFOPLIST_FILE = MVVMOperationsTests/Info.plist;
				IPHONEOS_DEPLOYMENT_TARGET = 14.4;
				LD_RUNPATH_SEARCH_PATHS = (
					"$(inherited)",
					"@executable_path/Frameworks",
					"@loader_path/Frameworks",
				);
				PRODUCT_BUNDLE_IDENTIFIER = yakup.MVVMOperationsTests;
				PRODUCT_NAME = "$(TARGET_NAME)";
				SWIFT_VERSION = 5.0;
				TARGETED_DEVICE_FAMILY = "1,2";
				TEST_HOST = "$(BUILT_PRODUCTS_DIR)/MVVMOperations.app/MVVMOperations";
			};
			name = Release;
		};
		87B54A5925D88EF10030EBF5 /* Debug */ = {
			isa = XCBuildConfiguration;
			baseConfigurationReference = CDC7CA66B4A9559093760C25 /* Pods-MVVMOperations-MVVMOperationsUITests.debug.xcconfig */;
			buildSettings = {
				ALWAYS_EMBED_SWIFT_STANDARD_LIBRARIES = YES;
				CODE_SIGN_STYLE = Automatic;
				DEVELOPMENT_TEAM = V6CZB46Y6J;
				INFOPLIST_FILE = MVVMOperationsUITests/Info.plist;
				LD_RUNPATH_SEARCH_PATHS = (
					"$(inherited)",
					"@executable_path/Frameworks",
					"@loader_path/Frameworks",
				);
				PRODUCT_BUNDLE_IDENTIFIER = yakup.MVVMOperationsUITests;
				PRODUCT_NAME = "$(TARGET_NAME)";
				SWIFT_VERSION = 5.0;
				TARGETED_DEVICE_FAMILY = "1,2";
				TEST_TARGET_NAME = MVVMOperations;
			};
			name = Debug;
		};
		87B54A5A25D88EF10030EBF5 /* Release */ = {
			isa = XCBuildConfiguration;
			baseConfigurationReference = 4993C1928C236041273E139E /* Pods-MVVMOperations-MVVMOperationsUITests.release.xcconfig */;
			buildSettings = {
				ALWAYS_EMBED_SWIFT_STANDARD_LIBRARIES = YES;
				CODE_SIGN_STYLE = Automatic;
				DEVELOPMENT_TEAM = V6CZB46Y6J;
				INFOPLIST_FILE = MVVMOperationsUITests/Info.plist;
				LD_RUNPATH_SEARCH_PATHS = (
					"$(inherited)",
					"@executable_path/Frameworks",
					"@loader_path/Frameworks",
				);
				PRODUCT_BUNDLE_IDENTIFIER = yakup.MVVMOperationsUITests;
				PRODUCT_NAME = "$(TARGET_NAME)";
				SWIFT_VERSION = 5.0;
				TARGETED_DEVICE_FAMILY = "1,2";
				TEST_TARGET_NAME = MVVMOperations;
			};
			name = Release;
		};
/* End XCBuildConfiguration section */

/* Begin XCConfigurationList section */
		87B54A2325D88EEF0030EBF5 /* Build configuration list for PBXProject "MVVMOperations" */ = {
			isa = XCConfigurationList;
			buildConfigurations = (
				87B54A5025D88EF10030EBF5 /* Debug */,
				87B54A5125D88EF10030EBF5 /* Release */,
			);
			defaultConfigurationIsVisible = 0;
			defaultConfigurationName = Release;
		};
		87B54A5225D88EF10030EBF5 /* Build configuration list for PBXNativeTarget "MVVMOperations" */ = {
			isa = XCConfigurationList;
			buildConfigurations = (
				87B54A5325D88EF10030EBF5 /* Debug */,
				87B54A5425D88EF10030EBF5 /* Release */,
			);
			defaultConfigurationIsVisible = 0;
			defaultConfigurationName = Release;
		};
		87B54A5525D88EF10030EBF5 /* Build configuration list for PBXNativeTarget "MVVMOperationsTests" */ = {
			isa = XCConfigurationList;
			buildConfigurations = (
				87B54A5625D88EF10030EBF5 /* Debug */,
				87B54A5725D88EF10030EBF5 /* Release */,
			);
			defaultConfigurationIsVisible = 0;
			defaultConfigurationName = Release;
		};
		87B54A5825D88EF10030EBF5 /* Build configuration list for PBXNativeTarget "MVVMOperationsUITests" */ = {
			isa = XCConfigurationList;
			buildConfigurations = (
				87B54A5925D88EF10030EBF5 /* Debug */,
				87B54A5A25D88EF10030EBF5 /* Release */,
			);
			defaultConfigurationIsVisible = 0;
			defaultConfigurationName = Release;
		};
/* End XCConfigurationList section */
	};
	rootObject = 87B54A2025D88EEF0030EBF5 /* Project object */;
}
